Microsoft Visual Studio Solution File, Format Version 12.00
# Visual Studio Version 18
VisualStudioVersion = 18.0.11205.157
MinimumVisualStudioVersion = 16.0.0.0
Project("{9A19103F-16F7-4668-BE54-9A1E7A4F7556}") = "BusinessWeb", "BusinessWeb.csproj", "{22ABA161-C739-49FF-AE9F-EFC3CB915184}"
EndProject
Global
	GlobalSection(SolutionConfigurationPlatforms) = preSolution
		Debug|Any CPU = Debug|Any CPU
		Debug|x64 = Debug|x64
		Debug|x86 = Debug|x86
		Release|Any CPU = Release|Any CPU
		Release|x64 = Release|x64
		Release|x86 = Release|x86
	EndGlobalSection
	GlobalSection(ProjectConfigurationPlatforms) = postSolution
		{22ABA161-C739-49FF-AE9F-EFC3CB915184}.Debug|Any CPU.ActiveCfg = Debug|Any CPU
		{22ABA161-C739-49FF-AE9F-EFC3CB915184}.Debug|Any CPU.Build.0 = Debug|Any CPU
		{22ABA161-C739-49FF-AE9F-EFC3CB915184}.Debug|x64.ActiveCfg = Debug|Any CPU
		{22ABA161-C739-49FF-AE9F-EFC3CB915184}.Debug|x64.Build.0 = Debug|Any CPU
		{22ABA161-C739-49FF-AE9F-EFC3CB915184}.Debug|x86.ActiveCfg = Debug|Any CPU
		{22ABA161-C739-49FF-AE9F-EFC3CB915184}.Debug|x86.Build.0 = Debug|Any CPU
		{22ABA161-C739-49FF-AE9F-EFC3CB915184}.Release|Any CPU.ActiveCfg = Release|Any CPU
		{22ABA161-C739-49FF-AE9F-EFC3CB915184}.Release|Any CPU.Build.0 = Release|Any CPU
		{22ABA161-C739-49FF-AE9F-EFC3CB915184}.Release|x64.ActiveCfg = Release|Any CPU
		{22ABA161-C739-49FF-AE9F-EFC3CB915184}.Release|x64.Build.0 = Release|Any CPU
		{22ABA161-C739-49FF-AE9F-EFC3CB915184}.Release|x86.ActiveCfg = Release|Any CPU
		{22ABA161-C739-49FF-AE9F-EFC3CB915184}.Release|x86.Build.0 = Release|Any CPU
	EndGlobalSection
	GlobalSection(SolutionProperties) = preSolution
		HideSolutionNode = FALSE
	EndGlobalSection
	GlobalSection(ExtensibilityGlobals) = postSolution
		SolutionGuid = {F67F5AC2-4DB8-4EB9-99EF-0C7E14D41346}
	EndGlobalSection
EndGlobal
